{
  "object": {
    "pins": [
      {
        "package": "FineJSON",
        "repositoryURL": "https://github.com/omochi/FineJSON",
        "state": {
          "branch": null,
          "revision": "86899a557a8aa2733e4ce7798cccc6f55ae84305",
          "version": "1.8.0"
        }
      },
      {
        "package": "Onigmo",
        "repositoryURL": "https://github.com/maoyama/Onigmo-swift-build",
        "state": {
          "branch": null,
          "revision": "d0dd20ecbad3aa0de7083c3e522ef722ed738b8a",
          "version": "1.2.0"
        }
      },
      {
        "package": "RichJSONParser",
        "repositoryURL": "https://github.com/omochi/RichJSONParser.git",
        "state": {
          "branch": null,
          "revision": "ee8af8522002ea106a5071d44d22300dc7e39822",
          "version": "2.2.0"
        }
      }
    ]
  },
  "version": 1
}
